
Microsoft Visual Studio Solution File, Format Version 12.00
# Visual Studio Version 17
VisualStudioVersion = 17.10.34928.147
MinimumVisualStudioVersion = 10.0.40219.1
Project("{FAE04EC0-301F-11D3-BF4B-00C04F79EFBC}") = "ImagePlugin", "ImagePlugin\ImagePlugin.csproj", "{D38187B6-383C-42DD-AA99-998809ED6513}"
EndProject
Project("{FAE04EC0-301F-11D3-BF4B-00C04F79EFBC}") = "ImagePlugin.Service", "ImagePlugin.Service\ImagePlugin.Service.csproj", "{36CEED49-4F96-40CF-BE1B-0427BD4D66B0}"
EndProject
Global
	GlobalSection(SolutionConfigurationPlatforms) = preSolution
		Debug|Any CPU = Debug|Any CPU
		Release|Any CPU = Release|Any CPU
	EndGlobalSection
	GlobalSection(ProjectConfigurationPlatforms) = postSolution
		{D38187B6-383C-42DD-AA99-998809ED6513}.Debug|Any CPU.ActiveCfg = Debug|Any CPU
		{D38187B6-383C-42DD-AA99-998809ED6513}.Debug|Any CPU.Build.0 = Debug|Any CPU
		{D38187B6-383C-42DD-AA99-998809ED6513}.Release|Any CPU.ActiveCfg = Release|Any CPU
		{D38187B6-383C-42DD-AA99-998809ED6513}.Release|Any CPU.Build.0 = Release|Any CPU
		{36CEED49-4F96-40CF-BE1B-0427BD4D66B0}.Debug|Any CPU.ActiveCfg = Debug|Any CPU
		{36CEED49-4F96-40CF-BE1B-0427BD4D66B0}.Debug|Any CPU.Build.0 = Debug|Any CPU
		{36CEED49-4F96-40CF-BE1B-0427BD4D66B0}.Release|Any CPU.ActiveCfg = Release|Any CPU
		{36CEED49-4F96-40CF-BE1B-0427BD4D66B0}.Release|Any CPU.Build.0 = Release|Any CPU
	EndGlobalSection
	GlobalSection(SolutionProperties) = preSolution
		HideSolutionNode = FALSE
	EndGlobalSection
	GlobalSection(ExtensibilityGlobals) = postSolution
		SolutionGuid = {83004DC7-5A7C-439A-8F42-AE18F4456E64}
	EndGlobalSection
EndGlobal
